
Microsoft Visual Studio Solution File, Format Version 12.00
# Visual Studio 2017
Project("{FAE04EC0-301F-11D3-BF4B-00C04F79EFBC}") = "wc-derby.Plugins", "wc-derby.Plugins.csproj", "{721188D8-81C4-7174-EC83-ECE002A94FFD}"
EndProject
Project("{FAE04EC0-301F-11D3-BF4B-00C04F79EFBC}") = "wc-derby", "wc-derby.csproj", "{9417111D-B9D6-7375-20ED-1C28A58CF8C2}"
EndProject
Project("{FAE04EC0-301F-11D3-BF4B-00C04F79EFBC}") = "wc-derby.Editor.Plugins", "wc-derby.Editor.Plugins.csproj", "{84B4A1DD-4001-1C99-DBEE-BD7149FAA3AA}"
EndProject
Project("{FAE04EC0-301F-11D3-BF4B-00C04F79EFBC}") = "wc-derby.Editor", "wc-derby.Editor.csproj", "{87A1B76E-16CE-4C2B-67EA-8A51EABC30D9}"
EndProject
Global
	GlobalSection(SolutionConfigurationPlatforms) = preSolution
		Debug|Any CPU = Debug|Any CPU
		Release|Any CPU = Release|Any CPU
	EndGlobalSection
	GlobalSection(ProjectConfigurationPlatforms) = postSolution
		{721188D8-81C4-7174-EC83-ECE002A94FFD}.Debug|Any CPU.ActiveCfg = Debug|Any CPU
		{721188D8-81C4-7174-EC83-ECE002A94FFD}.Debug|Any CPU.Build.0 = Debug|Any CPU
		{721188D8-81C4-7174-EC83-ECE002A94FFD}.Release|Any CPU.ActiveCfg = Release|Any CPU
		{721188D8-81C4-7174-EC83-ECE002A94FFD}.Release|Any CPU.Build.0 = Release|Any CPU
		{9417111D-B9D6-7375-20ED-1C28A58CF8C2}.Debug|Any CPU.ActiveCfg = Debug|Any CPU
		{9417111D-B9D6-7375-20ED-1C28A58CF8C2}.Debug|Any CPU.Build.0 = Debug|Any CPU
		{9417111D-B9D6-7375-20ED-1C28A58CF8C2}.Release|Any CPU.ActiveCfg = Release|Any CPU
		{9417111D-B9D6-7375-20ED-1C28A58CF8C2}.Release|Any CPU.Build.0 = Release|Any CPU
		{84B4A1DD-4001-1C99-DBEE-BD7149FAA3AA}.Debug|Any CPU.ActiveCfg = Debug|Any CPU
		{84B4A1DD-4001-1C99-DBEE-BD7149FAA3AA}.Debug|Any CPU.Build.0 = Debug|Any CPU
		{84B4A1DD-4001-1C99-DBEE-BD7149FAA3AA}.Release|Any CPU.ActiveCfg = Release|Any CPU
		{84B4A1DD-4001-1C99-DBEE-BD7149FAA3AA}.Release|Any CPU.Build.0 = Release|Any CPU
		{87A1B76E-16CE-4C2B-67EA-8A51EABC30D9}.Debug|Any CPU.ActiveCfg = Debug|Any CPU
		{87A1B76E-16CE-4C2B-67EA-8A51EABC30D9}.Debug|Any CPU.Build.0 = Debug|Any CPU
		{87A1B76E-16CE-4C2B-67EA-8A51EABC30D9}.Release|Any CPU.ActiveCfg = Release|Any CPU
		{87A1B76E-16CE-4C2B-67EA-8A51EABC30D9}.Release|Any CPU.Build.0 = Release|Any CPU
	EndGlobalSection
	GlobalSection(SolutionProperties) = preSolution
		HideSolutionNode = FALSE
	EndGlobalSection
EndGlobal
