Microsoft Visual Studio Solution File, Format Version 11.00
# Visual Studio 2008

Project("{BAF289E4-EA16-3C2F-3538-38E1A85603FC}") = "wcderby", "Assembly-CSharp-firstpass.csproj", "{1212DFEF-F2FA-95FE-5B87-5656F00B4544}"
EndProject
Project("{BAF289E4-EA16-3C2F-3538-38E1A85603FC}") = "wcderby", "Assembly-CSharp.csproj", "{559076B7-AD67-28C6-7371-2A8DC96B7DDD}"
EndProject
Project("{BAF289E4-EA16-3C2F-3538-38E1A85603FC}") = "wcderby", "Assembly-CSharp-Editor.csproj", "{03197154-FC5D-3E50-F376-E2BE98AB73FA}"
EndProject
Global
	GlobalSection(SolutionConfigurationPlatforms) = preSolution
		Debug|Any CPU = Debug|Any CPU
		Release|Any CPU = Release|Any CPU
	EndGlobalSection
	GlobalSection(ProjectConfigurationPlatforms) = postSolution
		{1212DFEF-F2FA-95FE-5B87-5656F00B4544}.Debug|Any CPU.ActiveCfg = Debug|Any CPU
		{1212DFEF-F2FA-95FE-5B87-5656F00B4544}.Debug|Any CPU.Build.0 = Debug|Any CPU
		{1212DFEF-F2FA-95FE-5B87-5656F00B4544}.Release|Any CPU.ActiveCfg = Release|Any CPU
		{1212DFEF-F2FA-95FE-5B87-5656F00B4544}.Release|Any CPU.Build.0 = Release|Any CPU
		{559076B7-AD67-28C6-7371-2A8DC96B7DDD}.Debug|Any CPU.ActiveCfg = Debug|Any CPU
		{559076B7-AD67-28C6-7371-2A8DC96B7DDD}.Debug|Any CPU.Build.0 = Debug|Any CPU
		{559076B7-AD67-28C6-7371-2A8DC96B7DDD}.Release|Any CPU.ActiveCfg = Release|Any CPU
		{559076B7-AD67-28C6-7371-2A8DC96B7DDD}.Release|Any CPU.Build.0 = Release|Any CPU
		{03197154-FC5D-3E50-F376-E2BE98AB73FA}.Debug|Any CPU.ActiveCfg = Debug|Any CPU
		{03197154-FC5D-3E50-F376-E2BE98AB73FA}.Debug|Any CPU.Build.0 = Debug|Any CPU
		{03197154-FC5D-3E50-F376-E2BE98AB73FA}.Release|Any CPU.ActiveCfg = Release|Any CPU
		{03197154-FC5D-3E50-F376-E2BE98AB73FA}.Release|Any CPU.Build.0 = Release|Any CPU
	EndGlobalSection
	GlobalSection(SolutionProperties) = preSolution
		HideSolutionNode = FALSE
	EndGlobalSection
	GlobalSection(MonoDevelopProperties) = preSolution
		StartupItem = Assembly-CSharp.csproj
	EndGlobalSection
EndGlobal
